# This file is automatically @generated by Cargo.
# It is not intended for manual editing.
version = 3

[[package]]
name = "blobby"
version = "0.3.1"
source = "registry+https://github.com/rust-lang/crates.io-index"
checksum = "847495c209977a90e8aad588b959d0ca9f5dc228096d29a6bd3defd53f35eaec"

[[package]]
name = "block-padding"
version = "0.3.1"
source = "registry+https://github.com/rust-lang/crates.io-index"
checksum = "5808df4b2412175c4db3afb115c83d8d0cd26ca4f30a042026cddef8580e526a"
dependencies = [
 "generic-array",
]

[[package]]
name = "cipher"
version = "0.4.0"
dependencies = [
 "blobby",
 "crypto-common",
 "inout",
 "zeroize",
]

[[package]]
name = "crypto-common"
version = "0.1.3"
dependencies = [
 "generic-array",
 "rand_core",
 "typenum",
]

[[package]]
name = "generic-array"
version = "0.14.5"
source = "registry+https://github.com/rust-lang/crates.io-index"
checksum = "fd48d33ec7f05fbfa152300fdad764757cbded343c1aa1cff2fbaf4134851803"
dependencies = [
 "typenum",
 "version_check",
]

[[package]]
name = "inout"
version = "0.1.2"
source = "registry+https://github.com/rust-lang/crates.io-index"
checksum = "9e1f03d4ab4d5dc9ec2d219f86c15d2a15fc08239d1cd3b2d6a19717c0a2f443"
dependencies = [
 "block-padding",
 "generic-array",
]

[[package]]
name = "rand_core"
version = "0.6.3"
source = "registry+https://github.com/rust-lang/crates.io-index"
checksum = "d34f1408f55294453790c48b2f1ebbb1c5b4b7563eb1f418bcfcfdbb06ebb4e7"

[[package]]
name = "typenum"
version = "1.15.0"
source = "registry+https://github.com/rust-lang/crates.io-index"
checksum = "dcf81ac59edc17cc8697ff311e8f5ef2d99fcbd9817b34cec66f90b6c3dfd987"

[[package]]
name = "version_check"
version = "0.9.4"
source = "registry+https://github.com/rust-lang/crates.io-index"
checksum = "49874b5167b65d7193b8aba1567f5c7d93d001cafc34600cee003eda787e483f"

[[package]]
name = "zeroize"
version = "1.5.2"
source = "registry+https://github.com/rust-lang/crates.io-index"
checksum = "7c88870063c39ee00ec285a2f8d6a966e5b6fb2becc4e8dac77ed0d370ed6006"
