# This file is automatically @generated by Cargo.
# It is not intended for manual editing.
version = 3

[[package]]
name = "aead"
version = "0.4.0"
dependencies = [
 "blobby",
 "generic-array 0.14.4",
 "heapless",
 "rand_core",
]

[[package]]
name = "as-slice"
version = "0.1.5"
source = "registry+https://github.com/rust-lang/crates.io-index"
checksum = "45403b49e3954a4b8428a0ac21a4b7afadccf92bfd96273f1a58cd4812496ae0"
dependencies = [
 "generic-array 0.12.4",
 "generic-array 0.13.3",
 "generic-array 0.14.4",
 "stable_deref_trait",
]

[[package]]
name = "async-signature"
version = "0.0.1"
dependencies = [
 "async-trait",
 "signature",
]

[[package]]
name = "async-trait"
version = "0.1.50"
source = "registry+https://github.com/rust-lang/crates.io-index"
checksum = "0b98e84bbb4cbcdd97da190ba0c58a1bb0de2c1fdf67d159e192ed766aeca722"
dependencies = [
 "proc-macro2",
 "quote",
 "syn",
]

[[package]]
name = "base64ct"
version = "1.0.0"
source = "registry+https://github.com/rust-lang/crates.io-index"
checksum = "d0d27fb6b6f1e43147af148af49d49329413ba781aa0d5e10979831c210173b5"

[[package]]
name = "bitvec"
version = "0.20.2"
source = "registry+https://github.com/rust-lang/crates.io-index"
checksum = "1f682656975d3a682daff957be4ddeb65d6ad656737cd821f2d00685ae466af1"
dependencies = [
 "funty",
 "radium",
 "tap",
 "wyz",
]

[[package]]
name = "blobby"
version = "0.3.0"
source = "registry+https://github.com/rust-lang/crates.io-index"
checksum = "fc52553543ecb104069b0ff9e0fcc5c739ad16202935528a112d974e8f1a4ee8"

[[package]]
name = "block-buffer"
version = "0.9.0"
source = "registry+https://github.com/rust-lang/crates.io-index"
checksum = "4152116fd6e9dadb291ae18fc1ec3575ed6d84c29642d97890f4b4a3417297e4"
dependencies = [
 "generic-array 0.14.4",
]

[[package]]
name = "block-buffer"
version = "0.10.0-pre.2"
source = "git+https://github.com/RustCrypto/utils?branch=block_mode#39ee346fde26516678ca3700b88c53b288b39e1c"
dependencies = [
 "block-padding",
 "generic-array 0.14.4",
]

[[package]]
name = "block-padding"
version = "0.3.0-pre"
source = "git+https://github.com/RustCrypto/utils?branch=block_mode#39ee346fde26516678ca3700b88c53b288b39e1c"
dependencies = [
 "generic-array 0.14.4",
]

[[package]]
name = "byteorder"
version = "1.4.3"
source = "registry+https://github.com/rust-lang/crates.io-index"
checksum = "14c189c53d098945499cdfa7ecc63567cf3886b3332b312a5b4585d8d3a6a610"

[[package]]
name = "cfg-if"
version = "1.0.0"
source = "registry+https://github.com/rust-lang/crates.io-index"
checksum = "baf1de4339761588bc0619e3cbc0120ee582ebb74b53b4efbf79117bd2da40fd"

[[package]]
name = "cipher"
version = "0.3.0-pre.4"
dependencies = [
 "blobby",
 "block-buffer 0.10.0-pre.2",
 "crypto-common",
 "generic-array 0.14.4",
 "rand_core",
]

[[package]]
name = "const-oid"
version = "0.5.1"
source = "registry+https://github.com/rust-lang/crates.io-index"
checksum = "af497ba993c3f3c416a0e1e1d84b81c3e0b131c4c67105a391920ba4dfa24d2d"

[[package]]
name = "cpuid-bool"
version = "0.1.2"
source = "registry+https://github.com/rust-lang/crates.io-index"
checksum = "8aebca1129a03dc6dc2b127edd729435bbc4a37e1d5f4d7513165089ceb02634"

[[package]]
name = "crypto"
version = "0.2.0-pre"
dependencies = [
 "aead",
 "cipher",
 "crypto-mac",
 "digest 0.10.0-pre.3",
 "elliptic-curve",
 "password-hash",
 "signature",
 "universal-hash",
]

[[package]]
name = "crypto-common"
version = "0.1.0-pre"
dependencies = [
 "block-buffer 0.10.0-pre.2",
 "generic-array 0.14.4",
]

[[package]]
name = "crypto-mac"
version = "0.11.0-pre"
dependencies = [
 "blobby",
 "cipher",
 "crypto-common",
 "generic-array 0.14.4",
 "rand_core",
 "subtle",
]

[[package]]
name = "der"
version = "0.3.3"
source = "registry+https://github.com/rust-lang/crates.io-index"
checksum = "83dc83d0b59f92103d8e661e60526338ad3aeb0c15fa4a29a14b6a9b1ac8a43c"
dependencies = [
 "const-oid",
]

[[package]]
name = "digest"
version = "0.9.0"
source = "registry+https://github.com/rust-lang/crates.io-index"
checksum = "d3dd60d1080a57a05ab032377049e0591415d2b31afd7028356dbf3cc6dcb066"
dependencies = [
 "generic-array 0.14.4",
]

[[package]]
name = "digest"
version = "0.10.0-pre.3"
dependencies = [
 "blobby",
 "crypto-common",
 "generic-array 0.14.4",
]

[[package]]
name = "elliptic-curve"
version = "0.9.11"
dependencies = [
 "base64ct",
 "bitvec",
 "ff",
 "generic-array 0.14.4",
 "group",
 "hex-literal 0.3.1",
 "pkcs8",
 "rand_core",
 "serde",
 "serde_json",
 "subtle",
 "zeroize",
]

[[package]]
name = "ff"
version = "0.9.0"
source = "registry+https://github.com/rust-lang/crates.io-index"
checksum = "72a4d941a5b7c2a75222e2d44fcdf634a67133d9db31e177ae5ff6ecda852bfe"
dependencies = [
 "bitvec",
 "rand_core",
 "subtle",
]

[[package]]
name = "funty"
version = "1.1.0"
source = "registry+https://github.com/rust-lang/crates.io-index"
checksum = "fed34cd105917e91daa4da6b3728c47b068749d6a62c59811f06ed2ac71d9da7"

[[package]]
name = "generic-array"
version = "0.12.4"
source = "registry+https://github.com/rust-lang/crates.io-index"
checksum = "ffdf9f34f1447443d37393cc6c2b8313aebddcd96906caf34e54c68d8e57d7bd"
dependencies = [
 "typenum",
]

[[package]]
name = "generic-array"
version = "0.13.3"
source = "registry+https://github.com/rust-lang/crates.io-index"
checksum = "f797e67af32588215eaaab8327027ee8e71b9dd0b2b26996aedf20c030fce309"
dependencies = [
 "typenum",
]

[[package]]
name = "generic-array"
version = "0.14.4"
source = "registry+https://github.com/rust-lang/crates.io-index"
checksum = "501466ecc8a30d1d3b7fc9229b122b2ce8ed6e9d9223f1138d4babb253e51817"
dependencies = [
 "typenum",
 "version_check",
]

[[package]]
name = "group"
version = "0.9.0"
source = "registry+https://github.com/rust-lang/crates.io-index"
checksum = "61b3c1e8b4f1ca07e6605ea1be903a5f6956aec5c8a67fd44d56076631675ed8"
dependencies = [
 "ff",
 "rand_core",
 "subtle",
]

[[package]]
name = "hash32"
version = "0.1.1"
source = "registry+https://github.com/rust-lang/crates.io-index"
checksum = "d4041af86e63ac4298ce40e5cca669066e75b6f1aa3390fe2561ffa5e1d9f4cc"
dependencies = [
 "byteorder",
]

[[package]]
name = "heapless"
version = "0.6.1"
source = "registry+https://github.com/rust-lang/crates.io-index"
checksum = "634bd4d29cbf24424d0a4bfcbf80c6960129dc24424752a7d1d1390607023422"
dependencies = [
 "as-slice",
 "generic-array 0.14.4",
 "hash32",
 "stable_deref_trait",
]

[[package]]
name = "hex-literal"
version = "0.2.1"
source = "registry+https://github.com/rust-lang/crates.io-index"
checksum = "961de220ec9a91af2e1e5bd80d02109155695e516771762381ef8581317066e0"
dependencies = [
 "hex-literal-impl",
 "proc-macro-hack",
]

[[package]]
name = "hex-literal"
version = "0.3.1"
source = "registry+https://github.com/rust-lang/crates.io-index"
checksum = "5af1f635ef1bc545d78392b136bfe1c9809e029023c84a3638a864a10b8819c8"

[[package]]
name = "hex-literal-impl"
version = "0.2.2"
source = "registry+https://github.com/rust-lang/crates.io-index"
checksum = "853f769599eb31de176303197b7ba4973299c38c7a7604a6bc88c3eef05b9b46"
dependencies = [
 "proc-macro-hack",
]

[[package]]
name = "itoa"
version = "0.4.7"
source = "registry+https://github.com/rust-lang/crates.io-index"
checksum = "dd25036021b0de88a0aff6b850051563c6516d0bf53f8638938edbb9de732736"

[[package]]
name = "opaque-debug"
version = "0.3.0"
source = "registry+https://github.com/rust-lang/crates.io-index"
checksum = "624a8340c38c1b80fd549087862da4ba43e08858af025b236e509b6649fc13d5"

[[package]]
name = "password-hash"
version = "0.2.0-pre"
dependencies = [
 "base64ct",
 "rand_core",
]

[[package]]
name = "pkcs8"
version = "0.6.0"
source = "registry+https://github.com/rust-lang/crates.io-index"
checksum = "b813f58dc6e5d1820868a3c3df3a7ae7852aa2d3d18e98f0d6b20ddd01fe25d7"
dependencies = [
 "base64ct",
 "der",
 "spki",
 "zeroize",
]

[[package]]
name = "proc-macro-hack"
version = "0.5.19"
source = "registry+https://github.com/rust-lang/crates.io-index"
checksum = "dbf0c48bc1d91375ae5c3cd81e3722dff1abcf81a30960240640d223f59fe0e5"

[[package]]
name = "proc-macro2"
version = "1.0.26"
source = "registry+https://github.com/rust-lang/crates.io-index"
checksum = "a152013215dca273577e18d2bf00fa862b89b24169fb78c4c95aeb07992c9cec"
dependencies = [
 "unicode-xid",
]

[[package]]
name = "quote"
version = "1.0.9"
source = "registry+https://github.com/rust-lang/crates.io-index"
checksum = "c3d0b9745dc2debf507c8422de05d7226cc1f0644216dfdfead988f9b1ab32a7"
dependencies = [
 "proc-macro2",
]

[[package]]
name = "radium"
version = "0.6.2"
source = "registry+https://github.com/rust-lang/crates.io-index"
checksum = "643f8f41a8ebc4c5dc4515c82bb8abd397b527fc20fd681b7c011c2aee5d44fb"

[[package]]
name = "rand_core"
version = "0.6.2"
source = "registry+https://github.com/rust-lang/crates.io-index"
checksum = "34cf66eb183df1c5876e2dcf6b13d57340741e8dc255b48e40a26de954d06ae7"

[[package]]
name = "ryu"
version = "1.0.5"
source = "registry+https://github.com/rust-lang/crates.io-index"
checksum = "71d301d4193d031abdd79ff7e3dd721168a9572ef3fe51a1517aba235bd8f86e"

[[package]]
name = "serde"
version = "1.0.125"
source = "registry+https://github.com/rust-lang/crates.io-index"
checksum = "558dc50e1a5a5fa7112ca2ce4effcb321b0300c0d4ccf0776a9f60cd89031171"

[[package]]
name = "serde_json"
version = "1.0.64"
source = "registry+https://github.com/rust-lang/crates.io-index"
checksum = "799e97dc9fdae36a5c8b8f2cae9ce2ee9fdce2058c57a93e6099d919fd982f79"
dependencies = [
 "itoa",
 "ryu",
 "serde",
]

[[package]]
name = "sha2"
version = "0.9.3"
source = "registry+https://github.com/rust-lang/crates.io-index"
checksum = "fa827a14b29ab7f44778d14a88d3cb76e949c45083f7dbfa507d0cb699dc12de"
dependencies = [
 "block-buffer 0.9.0",
 "cfg-if",
 "cpuid-bool",
 "digest 0.9.0",
 "opaque-debug",
]

[[package]]
name = "signature"
version = "1.3.0"
dependencies = [
 "digest 0.9.0",
 "hex-literal 0.2.1",
 "rand_core",
 "sha2",
 "signature_derive",
]

[[package]]
name = "signature_derive"
version = "1.0.0-pre.3"
dependencies = [
 "proc-macro2",
 "quote",
 "syn",
 "synstructure",
]

[[package]]
name = "spki"
version = "0.3.0"
source = "registry+https://github.com/rust-lang/crates.io-index"
checksum = "9dae7e047abc519c96350e9484a96c6bf1492348af912fd3446dd2dc323f6268"
dependencies = [
 "der",
]

[[package]]
name = "stable_deref_trait"
version = "1.2.0"
source = "registry+https://github.com/rust-lang/crates.io-index"
checksum = "a8f112729512f8e442d81f95a8a7ddf2b7c6b8a1a6f509a95864142b30cab2d3"

[[package]]
name = "subtle"
version = "2.4.0"
source = "registry+https://github.com/rust-lang/crates.io-index"
checksum = "1e81da0851ada1f3e9d4312c704aa4f8806f0f9d69faaf8df2f3464b4a9437c2"

[[package]]
name = "syn"
version = "1.0.69"
source = "registry+https://github.com/rust-lang/crates.io-index"
checksum = "48fe99c6bd8b1cc636890bcc071842de909d902c81ac7dab53ba33c421ab8ffb"
dependencies = [
 "proc-macro2",
 "quote",
 "unicode-xid",
]

[[package]]
name = "synstructure"
version = "0.12.4"
source = "registry+https://github.com/rust-lang/crates.io-index"
checksum = "b834f2d66f734cb897113e34aaff2f1ab4719ca946f9a7358dba8f8064148701"
dependencies = [
 "proc-macro2",
 "quote",
 "syn",
 "unicode-xid",
]

[[package]]
name = "tap"
version = "1.0.1"
source = "registry+https://github.com/rust-lang/crates.io-index"
checksum = "55937e1799185b12863d447f42597ed69d9928686b8d88a1df17376a097d8369"

[[package]]
name = "typenum"
version = "1.13.0"
source = "registry+https://github.com/rust-lang/crates.io-index"
checksum = "879f6906492a7cd215bfa4cf595b600146ccfac0c79bcbd1f3000162af5e8b06"

[[package]]
name = "unicode-xid"
version = "0.2.1"
source = "registry+https://github.com/rust-lang/crates.io-index"
checksum = "f7fe0bb3479651439c9112f72b6c505038574c9fbb575ed1bf3b797fa39dd564"

[[package]]
name = "universal-hash"
version = "0.4.0"
dependencies = [
 "generic-array 0.14.4",
 "subtle",
]

[[package]]
name = "version_check"
version = "0.9.3"
source = "registry+https://github.com/rust-lang/crates.io-index"
checksum = "5fecdca9a5291cc2b8dcf7dc02453fee791a280f3743cb0905f8822ae463b3fe"

[[package]]
name = "wyz"
version = "0.2.0"
source = "registry+https://github.com/rust-lang/crates.io-index"
checksum = "85e60b0d1b5f99db2556934e21937020776a5d31520bf169e851ac44e6420214"

[[package]]
name = "zeroize"
version = "1.3.0"
source = "registry+https://github.com/rust-lang/crates.io-index"
checksum = "4756f7db3f7b5574938c3eb1c117038b8e07f95ee6718c0efad4ac21508f1efd"
