# This file is automatically @generated by Cargo.
# It is not intended for manual editing.
version = 4

[[package]]
name = "addchain"
version = "0.2.0"
source = "registry+https://github.com/rust-lang/crates.io-index"
checksum = "3b2e69442aa5628ea6951fa33e24efe8313f4321a91bd729fc2f75bdfc858570"
dependencies = [
 "num-bigint",
 "num-integer",
 "num-traits",
]

[[package]]
name = "aead"
version = "0.6.0-rc.2"
dependencies = [
 "arrayvec",
 "blobby",
 "bytes",
 "crypto-common",
 "inout",
]

[[package]]
name = "arrayvec"
version = "0.7.6"
source = "registry+https://github.com/rust-lang/crates.io-index"
checksum = "7c02d123df017efcdfbd739ef81735b36c5ba83ec3c59c80a9d7ecc718f92e50"

[[package]]
name = "autocfg"
version = "1.5.0"
source = "registry+https://github.com/rust-lang/crates.io-index"
checksum = "c08606f8c3cbf4ce6ec8e28fb0014a2c086708fe954eaa885384a6165172e7e8"

[[package]]
name = "base16ct"
version = "0.3.0"
source = "registry+https://github.com/rust-lang/crates.io-index"
checksum = "d8b59d472eab27ade8d770dcb11da7201c11234bef9f82ce7aa517be028d462b"

[[package]]
name = "base64ct"
version = "1.8.0"
source = "registry+https://github.com/rust-lang/crates.io-index"
checksum = "55248b47b0caf0546f7988906588779981c43bb1bc9d0c44087278f80cdb44ba"

[[package]]
name = "bitvec"
version = "1.0.1"
source = "registry+https://github.com/rust-lang/crates.io-index"
checksum = "1bc2832c24239b0141d5674bb9174f9d68a8b5b3f2753311927c172ca46f7e9c"
dependencies = [
 "funty",
 "radium",
 "tap",
 "wyz",
]

[[package]]
name = "blobby"
version = "0.4.0-pre.1"
source = "registry+https://github.com/rust-lang/crates.io-index"
checksum = "e4db6eec520c1f3d3b060c5b67527c3d1d4122d9f0ff47edf0149a7ffa34cebb"

[[package]]
name = "block-buffer"
version = "0.11.0-rc.5"
source = "registry+https://github.com/rust-lang/crates.io-index"
checksum = "e9ef36a6fcdb072aa548f3da057640ec10859eb4e91ddf526ee648d50c76a949"
dependencies = [
 "hybrid-array",
 "zeroize",
]

[[package]]
name = "block-padding"
version = "0.4.0-rc.4"
source = "registry+https://github.com/rust-lang/crates.io-index"
checksum = "7e59c1aab3e6c5e56afe1b7e8650be9b5a791cb997bdea449194ae62e4bf8c73"
dependencies = [
 "hybrid-array",
]

[[package]]
name = "bytes"
version = "1.10.1"
source = "registry+https://github.com/rust-lang/crates.io-index"
checksum = "d71b6127be86fdcfddb610f7182ac57211d4b18a3e9c82eb2d17662f2227ad6a"

[[package]]
name = "cfg-if"
version = "1.0.3"
source = "registry+https://github.com/rust-lang/crates.io-index"
checksum = "2fd1289c04a9ea8cb22300a459a72a385d7c73d3259e2ed7dcb2af674838cfa9"

[[package]]
name = "cipher"
version = "0.5.0-rc.1"
dependencies = [
 "blobby",
 "block-buffer",
 "crypto-common",
 "inout",
 "zeroize",
]

[[package]]
name = "const-oid"
version = "0.10.1"
source = "registry+https://github.com/rust-lang/crates.io-index"
checksum = "0dabb6555f92fb9ee4140454eb5dcd14c7960e1225c6d1a6cc361f032947713e"

[[package]]
name = "crypto"
version = "0.6.0-pre"
dependencies = [
 "aead",
 "cipher",
 "crypto-common",
 "digest",
 "elliptic-curve",
 "password-hash",
 "signature",
 "universal-hash",
]

[[package]]
name = "crypto-bigint"
version = "0.7.0-rc.6"
source = "registry+https://github.com/rust-lang/crates.io-index"
checksum = "f2966eb7f877e5cdac7e808e71010d0bef6321d58b8e58bf01b8bbbe44f77ea0"
dependencies = [
 "hybrid-array",
 "num-traits",
 "rand_core",
 "subtle",
 "zeroize",
]

[[package]]
name = "crypto-common"
version = "0.2.0-rc.4"
dependencies = [
 "hybrid-array",
 "rand_core",
]

[[package]]
name = "der"
version = "0.8.0-rc.9"
source = "registry+https://github.com/rust-lang/crates.io-index"
checksum = "e9d8dd2f26c86b27a2a8ea2767ec7f9df7a89516e4794e54ac01ee618dda3aa4"
dependencies = [
 "const-oid",
 "pem-rfc7468",
 "zeroize",
]

[[package]]
name = "digest"
version = "0.11.0-rc.2"
dependencies = [
 "blobby",
 "block-buffer",
 "const-oid",
 "crypto-common",
 "subtle",
 "zeroize",
]

[[package]]
name = "elliptic-curve"
version = "0.14.0-rc.14"
dependencies = [
 "base16ct",
 "crypto-bigint",
 "digest",
 "ff",
 "group",
 "hex-literal",
 "hkdf",
 "hybrid-array",
 "pem-rfc7468",
 "pkcs8",
 "rand_core",
 "sec1",
 "serdect",
 "subtle",
 "zeroize",
]

[[package]]
name = "ff"
version = "0.14.0-pre.0"
source = "registry+https://github.com/rust-lang/crates.io-index"
checksum = "d42dd26f5790eda47c1a2158ea4120e32c35ddc9a7743c98a292accc01b54ef3"
dependencies = [
 "bitvec",
 "ff_derive",
 "rand_core",
 "subtle",
]

[[package]]
name = "ff_derive"
version = "0.14.0-pre.0"
source = "registry+https://github.com/rust-lang/crates.io-index"
checksum = "9266df7c7c72e5a865a447aca13bf480d7310eaa4f84de117c33e361d4da8888"
dependencies = [
 "addchain",
 "num-bigint",
 "num-integer",
 "num-traits",
 "proc-macro2",
 "quote",
 "syn 1.0.109",
]

[[package]]
name = "funty"
version = "2.0.0"
source = "registry+https://github.com/rust-lang/crates.io-index"
checksum = "e6d5a32815ae3f33302d95fdcb2ce17862f8c65363dcfd29360480ba1001fc9c"

[[package]]
name = "getrandom"
version = "0.3.3"
source = "registry+https://github.com/rust-lang/crates.io-index"
checksum = "26145e563e54f2cadc477553f1ec5ee650b00862f0a58bcd12cbdc5f0ea2d2f4"
dependencies = [
 "cfg-if",
 "libc",
 "r-efi",
 "wasi",
]

[[package]]
name = "group"
version = "0.14.0-pre.0"
source = "registry+https://github.com/rust-lang/crates.io-index"
checksum = "1ff6a0b2dd4b981b1ae9e3e6830ab146771f3660d31d57bafd9018805a91b0f1"
dependencies = [
 "ff",
 "rand_core",
 "subtle",
]

[[package]]
name = "hex-literal"
version = "1.0.0"
source = "registry+https://github.com/rust-lang/crates.io-index"
checksum = "bcaaec4551594c969335c98c903c1397853d4198408ea609190f420500f6be71"

[[package]]
name = "hkdf"
version = "0.13.0-rc.1"
source = "registry+https://github.com/rust-lang/crates.io-index"
checksum = "7984b5d6605e93b2787c95aef698b3c28933a4d7f9fd09d46f54130da1efaee0"
dependencies = [
 "hmac",
]

[[package]]
name = "hmac"
version = "0.13.0-rc.1"
source = "registry+https://github.com/rust-lang/crates.io-index"
checksum = "49e206bca159aebaaed410f5e78b2fe56bfc0dd5b19ecae922813b8556b8b07e"
dependencies = [
 "digest",
]

[[package]]
name = "hybrid-array"
version = "0.4.1"
source = "registry+https://github.com/rust-lang/crates.io-index"
checksum = "c7116c472cf19838450b1d421b4e842569f52b519d640aee9ace1ebcf5b21051"
dependencies = [
 "typenum",
 "zeroize",
]

[[package]]
name = "inout"
version = "0.2.0-rc.6"
source = "registry+https://github.com/rust-lang/crates.io-index"
checksum = "1603f76010ff924b616c8f44815a42eb10fb0b93d308b41deaa8da6d4251fd4b"
dependencies = [
 "block-padding",
 "hybrid-array",
]

[[package]]
name = "kem"
version = "0.3.0-pre.0"
dependencies = [
 "rand_core",
 "zeroize",
]

[[package]]
name = "libc"
version = "0.2.175"
source = "registry+https://github.com/rust-lang/crates.io-index"
checksum = "6a82ae493e598baaea5209805c49bbf2ea7de956d50d7da0da1164f9c6d28543"

[[package]]
name = "num-bigint"
version = "0.3.3"
source = "registry+https://github.com/rust-lang/crates.io-index"
checksum = "5f6f7833f2cbf2360a6cfd58cd41a53aa7a90bd4c202f5b1c7dd2ed73c57b2c3"
dependencies = [
 "autocfg",
 "num-integer",
 "num-traits",
]

[[package]]
name = "num-integer"
version = "0.1.46"
source = "registry+https://github.com/rust-lang/crates.io-index"
checksum = "7969661fd2958a5cb096e56c8e1ad0444ac2bbcd0061bd28660485a44879858f"
dependencies = [
 "num-traits",
]

[[package]]
name = "num-traits"
version = "0.2.19"
source = "registry+https://github.com/rust-lang/crates.io-index"
checksum = "071dfc062690e90b734c0b2273ce72ad0ffa95f0c74596bc250dcfd960262841"
dependencies = [
 "autocfg",
]

[[package]]
name = "password-hash"
version = "0.6.0-rc.1"
dependencies = [
 "base64ct",
 "rand_core",
 "subtle",
]

[[package]]
name = "pem-rfc7468"
version = "1.0.0-rc.3"
source = "registry+https://github.com/rust-lang/crates.io-index"
checksum = "a8e58fab693c712c0d4e88f8eb3087b6521d060bcaf76aeb20cb192d809115ba"
dependencies = [
 "base64ct",
]

[[package]]
name = "pkcs8"
version = "0.11.0-rc.7"
source = "registry+https://github.com/rust-lang/crates.io-index"
checksum = "93eac55f10aceed84769df670ea4a32d2ffad7399400d41ee1c13b1cd8e1b478"
dependencies = [
 "der",
 "spki",
]

[[package]]
name = "proc-macro2"
version = "1.0.101"
source = "registry+https://github.com/rust-lang/crates.io-index"
checksum = "89ae43fd86e4158d6db51ad8e2b80f313af9cc74f5c0e03ccb87de09998732de"
dependencies = [
 "unicode-ident",
]

[[package]]
name = "quote"
version = "1.0.40"
source = "registry+https://github.com/rust-lang/crates.io-index"
checksum = "1885c039570dc00dcb4ff087a89e185fd56bae234ddc7f056a945bf36467248d"
dependencies = [
 "proc-macro2",
]

[[package]]
name = "r-efi"
version = "5.3.0"
source = "registry+https://github.com/rust-lang/crates.io-index"
checksum = "69cdb34c158ceb288df11e18b4bd39de994f6657d83847bdffdbd7f346754b0f"

[[package]]
name = "radium"
version = "0.7.0"
source = "registry+https://github.com/rust-lang/crates.io-index"
checksum = "dc33ff2d4973d518d823d61aa239014831e521c75da58e3df4840d3f47749d09"

[[package]]
name = "rand_core"
version = "0.9.3"
source = "registry+https://github.com/rust-lang/crates.io-index"
checksum = "99d9a13982dcf210057a8a78572b2217b667c3beacbf3a0d8b454f6f82837d38"
dependencies = [
 "getrandom",
]

[[package]]
name = "sec1"
version = "0.8.0-rc.10"
source = "registry+https://github.com/rust-lang/crates.io-index"
checksum = "1dff52f6118bc9f0ac974a54a639d499ac26a6cad7a6e39bc0990c19625e793b"
dependencies = [
 "base16ct",
 "der",
 "hybrid-array",
 "serdect",
 "subtle",
 "zeroize",
]

[[package]]
name = "serde"
version = "1.0.225"
source = "registry+https://github.com/rust-lang/crates.io-index"
checksum = "fd6c24dee235d0da097043389623fb913daddf92c76e9f5a1db88607a0bcbd1d"
dependencies = [
 "serde_core",
]

[[package]]
name = "serde_core"
version = "1.0.225"
source = "registry+https://github.com/rust-lang/crates.io-index"
checksum = "659356f9a0cb1e529b24c01e43ad2bdf520ec4ceaf83047b83ddcc2251f96383"
dependencies = [
 "serde_derive",
]

[[package]]
name = "serde_derive"
version = "1.0.225"
source = "registry+https://github.com/rust-lang/crates.io-index"
checksum = "0ea936adf78b1f766949a4977b91d2f5595825bd6ec079aa9543ad2685fc4516"
dependencies = [
 "proc-macro2",
 "quote",
 "syn 2.0.106",
]

[[package]]
name = "serdect"
version = "0.4.1"
source = "registry+https://github.com/rust-lang/crates.io-index"
checksum = "d3ef0e35b322ddfaecbc60f34ab448e157e48531288ee49fafbb053696b8ffe2"
dependencies = [
 "base16ct",
 "serde",
]

[[package]]
name = "signature"
version = "3.0.0-rc.4"
dependencies = [
 "digest",
 "rand_core",
]

[[package]]
name = "spki"
version = "0.8.0-rc.4"
source = "registry+https://github.com/rust-lang/crates.io-index"
checksum = "8baeff88f34ed0691978ec34440140e1572b68c7dd4a495fd14a3dc1944daa80"
dependencies = [
 "base64ct",
 "der",
]

[[package]]
name = "subtle"
version = "2.6.1"
source = "registry+https://github.com/rust-lang/crates.io-index"
checksum = "13c2bddecc57b384dee18652358fb23172facb8a2c51ccc10d74c157bdea3292"

[[package]]
name = "syn"
version = "1.0.109"
source = "registry+https://github.com/rust-lang/crates.io-index"
checksum = "72b64191b275b66ffe2469e8af2c1cfe3bafa67b529ead792a6d0160888b4237"
dependencies = [
 "proc-macro2",
 "quote",
 "unicode-ident",
]

[[package]]
name = "syn"
version = "2.0.106"
source = "registry+https://github.com/rust-lang/crates.io-index"
checksum = "ede7c438028d4436d71104916910f5bb611972c5cfd7f89b8300a8186e6fada6"
dependencies = [
 "proc-macro2",
 "quote",
 "unicode-ident",
]

[[package]]
name = "tap"
version = "1.0.1"
source = "registry+https://github.com/rust-lang/crates.io-index"
checksum = "55937e1799185b12863d447f42597ed69d9928686b8d88a1df17376a097d8369"

[[package]]
name = "typenum"
version = "1.18.0"
source = "registry+https://github.com/rust-lang/crates.io-index"
checksum = "1dccffe3ce07af9386bfd29e80c0ab1a8205a2fc34e4bcd40364df902cfa8f3f"

[[package]]
name = "unicode-ident"
version = "1.0.19"
source = "registry+https://github.com/rust-lang/crates.io-index"
checksum = "f63a545481291138910575129486daeaf8ac54aee4387fe7906919f7830c7d9d"

[[package]]
name = "universal-hash"
version = "0.6.0-rc.2"
dependencies = [
 "crypto-common",
 "subtle",
]

[[package]]
name = "wasi"
version = "0.14.7+wasi-0.2.4"
source = "registry+https://github.com/rust-lang/crates.io-index"
checksum = "883478de20367e224c0090af9cf5f9fa85bed63a95c1abf3afc5c083ebc06e8c"
dependencies = [
 "wasip2",
]

[[package]]
name = "wasip2"
version = "1.0.1+wasi-0.2.4"
source = "registry+https://github.com/rust-lang/crates.io-index"
checksum = "0562428422c63773dad2c345a1882263bbf4d65cf3f42e90921f787ef5ad58e7"
dependencies = [
 "wit-bindgen",
]

[[package]]
name = "wit-bindgen"
version = "0.46.0"
source = "registry+https://github.com/rust-lang/crates.io-index"
checksum = "f17a85883d4e6d00e8a97c586de764dabcc06133f7f1d55dce5cdc070ad7fe59"

[[package]]
name = "wyz"
version = "0.5.1"
source = "registry+https://github.com/rust-lang/crates.io-index"
checksum = "05f360fc0b24296329c78fda852a1e9ae82de9cf7b27dae4b7f62f118f77b9ed"
dependencies = [
 "tap",
]

[[package]]
name = "zeroize"
version = "1.8.1"
source = "registry+https://github.com/rust-lang/crates.io-index"
checksum = "ced3678a2879b30306d323f4542626697a464a97c0a07c9aebf7ebca65cd4dde"
