# This file is automatically @generated by Cargo.
# It is not intended for manual editing.
version = 3

[[package]]
name = "aead"
version = "0.4.3"
dependencies = [
 "generic-array",
 "rand_core",
]

[[package]]
name = "base16ct"
version = "0.1.1"
source = "registry+https://github.com/rust-lang/crates.io-index"
checksum = "349a06037c7bf932dd7e7d1f653678b2038b9ad46a74102f1fc7bd7872678cce"

[[package]]
name = "base64ct"
version = "1.0.1"
source = "registry+https://github.com/rust-lang/crates.io-index"
checksum = "8a32fd6af2b5827bce66c29053ba0e7c42b9dcab01835835058558c10851a46b"

[[package]]
name = "block-buffer"
version = "0.10.0"
source = "registry+https://github.com/rust-lang/crates.io-index"
checksum = "f1d36a02058e76b040de25a4464ba1c80935655595b661505c8b39b664828b95"
dependencies = [
 "generic-array",
]

[[package]]
name = "block-padding"
version = "0.3.1"
source = "registry+https://github.com/rust-lang/crates.io-index"
checksum = "5808df4b2412175c4db3afb115c83d8d0cd26ca4f30a042026cddef8580e526a"
dependencies = [
 "generic-array",
]

[[package]]
name = "cfg-if"
version = "1.0.0"
source = "registry+https://github.com/rust-lang/crates.io-index"
checksum = "baf1de4339761588bc0619e3cbc0120ee582ebb74b53b4efbf79117bd2da40fd"

[[package]]
name = "cipher"
version = "0.4.0"
source = "registry+https://github.com/rust-lang/crates.io-index"
checksum = "a4f3e8c9be82c31c331bc9db0fd70a1068f8a288d980b2414dcaa25ab17ac1e0"
dependencies = [
 "crypto-common",
 "inout",
]

[[package]]
name = "const-oid"
version = "0.7.0"
source = "registry+https://github.com/rust-lang/crates.io-index"
checksum = "d355758f44afa81c21e66e1301d47cbffbbcde4b405cbe46b8b19f213abf9f60"

[[package]]
name = "crypto"
version = "0.4.0-pre"
dependencies = [
 "aead",
 "cipher",
 "crypto-mac",
 "digest",
 "elliptic-curve",
 "password-hash",
 "signature",
 "universal-hash",
]

[[package]]
name = "crypto-bigint"
version = "0.4.0-pre.0"
source = "registry+https://github.com/rust-lang/crates.io-index"
checksum = "6a9df9647255ed398be26379810e02ed1d58263570b3bcd243ee2481f79c88b1"
dependencies = [
 "generic-array",
 "rand_core",
 "subtle",
 "zeroize",
]

[[package]]
name = "crypto-common"
version = "0.1.2"
source = "registry+https://github.com/rust-lang/crates.io-index"
checksum = "a4600d695eb3f6ce1cd44e6e291adceb2cc3ab12f20a33777ecd0bf6eba34e06"
dependencies = [
 "generic-array",
]

[[package]]
name = "crypto-mac"
version = "0.11.1"
source = "registry+https://github.com/rust-lang/crates.io-index"
checksum = "b1d1a86f49236c215f271d40892d5fc950490551400b02ef360692c29815c714"
dependencies = [
 "generic-array",
 "subtle",
]

[[package]]
name = "der"
version = "0.5.1"
source = "registry+https://github.com/rust-lang/crates.io-index"
checksum = "6919815d73839e7ad218de758883aae3a257ba6759ce7a9992501efbb53d705c"
dependencies = [
 "const-oid",
]

[[package]]
name = "digest"
version = "0.10.1"
source = "registry+https://github.com/rust-lang/crates.io-index"
checksum = "b697d66081d42af4fba142d56918a3cb21dc8eb63372c6b85d14f44fb9c5979b"
dependencies = [
 "block-buffer",
 "crypto-common",
 "generic-array",
]

[[package]]
name = "elliptic-curve"
version = "0.12.0-pre.1"
dependencies = [
 "base16ct",
 "crypto-bigint",
 "der",
 "ff",
 "generic-array",
 "group",
 "rand_core",
 "sec1",
 "subtle",
 "zeroize",
]

[[package]]
name = "ff"
version = "0.11.0"
source = "registry+https://github.com/rust-lang/crates.io-index"
checksum = "b2958d04124b9f27f175eaeb9a9f383d026098aa837eadd8ba22c11f13a05b9e"
dependencies = [
 "rand_core",
 "subtle",
]

[[package]]
name = "generic-array"
version = "0.14.4"
source = "registry+https://github.com/rust-lang/crates.io-index"
checksum = "501466ecc8a30d1d3b7fc9229b122b2ce8ed6e9d9223f1138d4babb253e51817"
dependencies = [
 "typenum",
 "version_check",
]

[[package]]
name = "getrandom"
version = "0.2.3"
source = "registry+https://github.com/rust-lang/crates.io-index"
checksum = "7fcd999463524c52659517fe2cea98493cfe485d10565e7b0fb07dbba7ad2753"
dependencies = [
 "cfg-if",
 "libc",
 "wasi",
]

[[package]]
name = "group"
version = "0.11.0"
source = "registry+https://github.com/rust-lang/crates.io-index"
checksum = "bc5ac374b108929de78460075f3dc439fa66df9d8fc77e8f12caa5165fcf0c89"
dependencies = [
 "ff",
 "rand_core",
 "subtle",
]

[[package]]
name = "inout"
version = "0.1.2"
source = "registry+https://github.com/rust-lang/crates.io-index"
checksum = "9e1f03d4ab4d5dc9ec2d219f86c15d2a15fc08239d1cd3b2d6a19717c0a2f443"
dependencies = [
 "block-padding",
 "generic-array",
]

[[package]]
name = "libc"
version = "0.2.107"
source = "registry+https://github.com/rust-lang/crates.io-index"
checksum = "fbe5e23404da5b4f555ef85ebed98fb4083e55a00c317800bc2a50ede9f3d219"

[[package]]
name = "password-hash"
version = "0.4.0-pre"
dependencies = [
 "base64ct",
 "rand_core",
 "subtle",
]

[[package]]
name = "pkcs8"
version = "0.8.0"
source = "registry+https://github.com/rust-lang/crates.io-index"
checksum = "7cabda3fb821068a9a4fab19a683eac3af12edf0f34b94a8be53c4972b8149d0"
dependencies = [
 "der",
 "spki",
 "zeroize",
]

[[package]]
name = "rand_core"
version = "0.6.3"
source = "registry+https://github.com/rust-lang/crates.io-index"
checksum = "d34f1408f55294453790c48b2f1ebbb1c5b4b7563eb1f418bcfcfdbb06ebb4e7"
dependencies = [
 "getrandom",
]

[[package]]
name = "sec1"
version = "0.2.1"
source = "registry+https://github.com/rust-lang/crates.io-index"
checksum = "08da66b8b0965a5555b6bd6639e68ccba85e1e2506f5fbb089e93f8a04e1a2d1"
dependencies = [
 "der",
 "generic-array",
 "pkcs8",
 "subtle",
 "zeroize",
]

[[package]]
name = "signature"
version = "1.5.0"

[[package]]
name = "spki"
version = "0.5.2"
source = "registry+https://github.com/rust-lang/crates.io-index"
checksum = "c8a277a21925310de1d31bb6b021da3550b00e9127096ef84ee38f44609925c4"
dependencies = [
 "base64ct",
 "der",
]

[[package]]
name = "subtle"
version = "2.4.1"
source = "registry+https://github.com/rust-lang/crates.io-index"
checksum = "6bdef32e8150c2a081110b42772ffe7d7c9032b606bc226c8260fd97e0976601"

[[package]]
name = "typenum"
version = "1.14.0"
source = "registry+https://github.com/rust-lang/crates.io-index"
checksum = "b63708a265f51345575b27fe43f9500ad611579e764c79edbc2037b1121959ec"

[[package]]
name = "universal-hash"
version = "0.4.1"
dependencies = [
 "generic-array",
 "subtle",
]

[[package]]
name = "version_check"
version = "0.9.3"
source = "registry+https://github.com/rust-lang/crates.io-index"
checksum = "5fecdca9a5291cc2b8dcf7dc02453fee791a280f3743cb0905f8822ae463b3fe"

[[package]]
name = "wasi"
version = "0.10.2+wasi-snapshot-preview1"
source = "registry+https://github.com/rust-lang/crates.io-index"
checksum = "fd6fbd9a79829dd1ad0cc20627bf1ed606756a7f77edff7b66b7064f9cb327c6"

[[package]]
name = "zeroize"
version = "1.5.0"
source = "registry+https://github.com/rust-lang/crates.io-index"
checksum = "cc222aec311c323c717f56060324f32b82da1ce1dd81d9a09aa6a9030bfe08db"
